
Microsoft Visual Studio Solution File, Format Version 12.00
# Visual Studio Version 17
VisualStudioVersion = 17.9.34622.214
MinimumVisualStudioVersion = 10.0.40219.1
Project("{9A19103F-16F7-4668-BE54-9A1E7A4F7556}") = "CookingBookWPF", "CookingBookWPF\CookingBookWPF.csproj", "{9801C039-571F-44DD-B057-6C73B291988B}"
EndProject
Global
	GlobalSection(SolutionConfigurationPlatforms) = preSolution
		Debug|Any CPU = Debug|Any CPU
		Release|Any CPU = Release|Any CPU
	EndGlobalSection
	GlobalSection(ProjectConfigurationPlatforms) = postSolution
		{9801C039-571F-44DD-B057-6C73B291988B}.Debug|Any CPU.ActiveCfg = Debug|Any CPU
		{9801C039-571F-44DD-B057-6C73B291988B}.Debug|Any CPU.Build.0 = Debug|Any CPU
		{9801C039-571F-44DD-B057-6C73B291988B}.Release|Any CPU.ActiveCfg = Release|Any CPU
		{9801C039-571F-44DD-B057-6C73B291988B}.Release|Any CPU.Build.0 = Release|Any CPU
	EndGlobalSection
	GlobalSection(SolutionProperties) = preSolution
		HideSolutionNode = FALSE
	EndGlobalSection
	GlobalSection(ExtensibilityGlobals) = postSolution
		SolutionGuid = {E92FA9B0-1E84-4FBB-A1E7-DE4DACDCDBB0}
	EndGlobalSection
EndGlobal
